
Microsoft Visual Studio Solution File, Format Version 12.00
# Visual Studio Version 17
VisualStudioVersion = 17.7.34221.43
MinimumVisualStudioVersion = 10.0.40219.1
Project("{9A19103F-16F7-4668-BE54-9A1E7A4F7556}") = "DevFramework.Core", "DevFramework.Core\DevFramework.Core.csproj", "{86D15896-3743-4235-9F89-72B7EB535F9F}"
EndProject
Project("{9A19103F-16F7-4668-BE54-9A1E7A4F7556}") = "DevFramework.Northwind.Entities", "DevFramework.Northwind.Entities\DevFramework.Northwind.Entities.csproj", "{72A5D128-CF2E-4826-A0FC-D34FB0BE07B1}"
EndProject
Project("{9A19103F-16F7-4668-BE54-9A1E7A4F7556}") = "DevFramework.Northwind.DataAccess", "DevFramework.Northwind.DataAccess\DevFramework.Northwind.DataAccess.csproj", "{FE41BC86-2DF5-4E97-AC9A-E6F1BE5D9F75}"
EndProject
Project("{9A19103F-16F7-4668-BE54-9A1E7A4F7556}") = "DevFramework.Northwind.Business", "DevFramework.Northwind.Business\DevFramework.Northwind.Business.csproj", "{DDAF93F7-4E3E-4BA5-8F7F-2D9DAA40552C}"
EndProject
Project("{9A19103F-16F7-4668-BE54-9A1E7A4F7556}") = "DevFramework.Northwind.MvcWebUI", "DevFramework.Northwind.MvcWebUI\DevFramework.Northwind.MvcWebUI.csproj", "{78C69FFA-9A7B-4BF8-899C-E18566F263E8}"
EndProject
Project("{FAE04EC0-301F-11D3-BF4B-00C04F79EFBC}") = "DevFramework.Northwind.Business.Tests", "DevFramework.Northwind.Business.Tests\DevFramework.Northwind.Business.Tests.csproj", "{64EF67A9-78FA-479E-8955-1C1B939D0C15}"
EndProject
Project("{FAE04EC0-301F-11D3-BF4B-00C04F79EFBC}") = "DevFramework.Northwind.DataAccess.Tests", "DevFramework.Northwind.DataAccess.Tests\DevFramework.Northwind.DataAccess.Tests.csproj", "{DAE714F9-4DE4-48CE-BEED-1A61C2FCD322}"
EndProject
Project("{9A19103F-16F7-4668-BE54-9A1E7A4F7556}") = "DevFramework.Northwind.WebApi", "DevFramework.Northwind.WebApi\DevFramework.Northwind.WebApi.csproj", "{21399697-B381-452B-9DF2-8CA882A84CFE}"
EndProject
Project("{E24C65DC-7377-472B-9ABA-BC803B73C61A}") = "DevFramework.Northwind.WcfService", "DevFramework.Northwind.WcfService\", "{50CDECB7-D507-42FB-8879-530417D38053}"
	ProjectSection(WebsiteProperties) = preProject
		TargetFrameworkMoniker = ".NETFramework,Version%3Dv4.7.2"
		Debug.AspNetCompiler.VirtualPath = "/localhost_62966"
		Debug.AspNetCompiler.PhysicalPath = "DevFramework.Northwind.WcfService\"
		Debug.AspNetCompiler.TargetPath = "PrecompiledWeb\localhost_62966\"
		Debug.AspNetCompiler.Updateable = "true"
		Debug.AspNetCompiler.ForceOverwrite = "true"
		Debug.AspNetCompiler.FixedNames = "false"
		Debug.AspNetCompiler.Debug = "True"
		Release.AspNetCompiler.VirtualPath = "/localhost_62966"
		Release.AspNetCompiler.PhysicalPath = "DevFramework.Northwind.WcfService\"
		Release.AspNetCompiler.TargetPath = "PrecompiledWeb\localhost_62966\"
		Release.AspNetCompiler.Updateable = "true"
		Release.AspNetCompiler.ForceOverwrite = "true"
		Release.AspNetCompiler.FixedNames = "false"
		Release.AspNetCompiler.Debug = "False"
		VWDPort = "62966"
		SlnRelativePath = "DevFramework.Northwind.WcfService\"
		DefaultWebSiteLanguage = "Visual C#"
	EndProjectSection
EndProject
Global
	GlobalSection(SolutionConfigurationPlatforms) = preSolution
		Debug|Any CPU = Debug|Any CPU
		Release|Any CPU = Release|Any CPU
	EndGlobalSection
	GlobalSection(ProjectConfigurationPlatforms) = postSolution
		{86D15896-3743-4235-9F89-72B7EB535F9F}.Debug|Any CPU.ActiveCfg = Debug|Any CPU
		{86D15896-3743-4235-9F89-72B7EB535F9F}.Debug|Any CPU.Build.0 = Debug|Any CPU
		{86D15896-3743-4235-9F89-72B7EB535F9F}.Release|Any CPU.ActiveCfg = Release|Any CPU
		{86D15896-3743-4235-9F89-72B7EB535F9F}.Release|Any CPU.Build.0 = Release|Any CPU
		{72A5D128-CF2E-4826-A0FC-D34FB0BE07B1}.Debug|Any CPU.ActiveCfg = Debug|Any CPU
		{72A5D128-CF2E-4826-A0FC-D34FB0BE07B1}.Debug|Any CPU.Build.0 = Debug|Any CPU
		{72A5D128-CF2E-4826-A0FC-D34FB0BE07B1}.Release|Any CPU.ActiveCfg = Release|Any CPU
		{72A5D128-CF2E-4826-A0FC-D34FB0BE07B1}.Release|Any CPU.Build.0 = Release|Any CPU
		{FE41BC86-2DF5-4E97-AC9A-E6F1BE5D9F75}.Debug|Any CPU.ActiveCfg = Debug|Any CPU
		{FE41BC86-2DF5-4E97-AC9A-E6F1BE5D9F75}.Debug|Any CPU.Build.0 = Debug|Any CPU
		{FE41BC86-2DF5-4E97-AC9A-E6F1BE5D9F75}.Release|Any CPU.ActiveCfg = Release|Any CPU
		{FE41BC86-2DF5-4E97-AC9A-E6F1BE5D9F75}.Release|Any CPU.Build.0 = Release|Any CPU
		{DDAF93F7-4E3E-4BA5-8F7F-2D9DAA40552C}.Debug|Any CPU.ActiveCfg = Debug|Any CPU
		{DDAF93F7-4E3E-4BA5-8F7F-2D9DAA40552C}.Debug|Any CPU.Build.0 = Debug|Any CPU
		{DDAF93F7-4E3E-4BA5-8F7F-2D9DAA40552C}.Release|Any CPU.ActiveCfg = Release|Any CPU
		{DDAF93F7-4E3E-4BA5-8F7F-2D9DAA40552C}.Release|Any CPU.Build.0 = Release|Any CPU
		{78C69FFA-9A7B-4BF8-899C-E18566F263E8}.Debug|Any CPU.ActiveCfg = Debug|Any CPU
		{78C69FFA-9A7B-4BF8-899C-E18566F263E8}.Debug|Any CPU.Build.0 = Debug|Any CPU
		{78C69FFA-9A7B-4BF8-899C-E18566F263E8}.Release|Any CPU.ActiveCfg = Release|Any CPU
		{78C69FFA-9A7B-4BF8-899C-E18566F263E8}.Release|Any CPU.Build.0 = Release|Any CPU
		{64EF67A9-78FA-479E-8955-1C1B939D0C15}.Debug|Any CPU.ActiveCfg = Debug|Any CPU
		{64EF67A9-78FA-479E-8955-1C1B939D0C15}.Debug|Any CPU.Build.0 = Debug|Any CPU
		{64EF67A9-78FA-479E-8955-1C1B939D0C15}.Release|Any CPU.ActiveCfg = Release|Any CPU
		{64EF67A9-78FA-479E-8955-1C1B939D0C15}.Release|Any CPU.Build.0 = Release|Any CPU
		{DAE714F9-4DE4-48CE-BEED-1A61C2FCD322}.Debug|Any CPU.ActiveCfg = Debug|Any CPU
		{DAE714F9-4DE4-48CE-BEED-1A61C2FCD322}.Debug|Any CPU.Build.0 = Debug|Any CPU
		{DAE714F9-4DE4-48CE-BEED-1A61C2FCD322}.Release|Any CPU.ActiveCfg = Release|Any CPU
		{DAE714F9-4DE4-48CE-BEED-1A61C2FCD322}.Release|Any CPU.Build.0 = Release|Any CPU
		{21399697-B381-452B-9DF2-8CA882A84CFE}.Debug|Any CPU.ActiveCfg = Debug|Any CPU
		{21399697-B381-452B-9DF2-8CA882A84CFE}.Debug|Any CPU.Build.0 = Debug|Any CPU
		{21399697-B381-452B-9DF2-8CA882A84CFE}.Release|Any CPU.ActiveCfg = Release|Any CPU
		{21399697-B381-452B-9DF2-8CA882A84CFE}.Release|Any CPU.Build.0 = Release|Any CPU
		{50CDECB7-D507-42FB-8879-530417D38053}.Debug|Any CPU.ActiveCfg = Debug|Any CPU
		{50CDECB7-D507-42FB-8879-530417D38053}.Debug|Any CPU.Build.0 = Debug|Any CPU
		{50CDECB7-D507-42FB-8879-530417D38053}.Release|Any CPU.ActiveCfg = Debug|Any CPU
		{50CDECB7-D507-42FB-8879-530417D38053}.Release|Any CPU.Build.0 = Debug|Any CPU
	EndGlobalSection
	GlobalSection(SolutionProperties) = preSolution
		HideSolutionNode = FALSE
	EndGlobalSection
	GlobalSection(ExtensibilityGlobals) = postSolution
		SolutionGuid = {08A1FD5C-CD4F-4459-B77B-93C7A677D353}
	EndGlobalSection
EndGlobal
